Microsoft Visual Studio Solution File, Format Version 12.00
# Visual Studio Version 17
VisualStudioVersion = 17.5.2.0
MinimumVisualStudioVersion = 10.0.40219.1
Project("{2150E333-8FDC-42A3-9474-1A3956D46DE8}") = "week0-setup", "week0-setup", "{9E799379-D5F2-A6C2-5EDD-10EC321792B3}"
EndProject
Project("{FAE04EC0-301F-11D3-BF4B-00C04F79EFBC}") = "hello-csharp", "week0-setup\hello-csharp\hello-csharp.csproj", "{9E50C4B0-6763-2E30-F23F-732F63B39EDC}"
EndProject
Global
	GlobalSection(SolutionConfigurationPlatforms) = preSolution
		Debug|Any CPU = Debug|Any CPU
		Release|Any CPU = Release|Any CPU
	EndGlobalSection
	GlobalSection(ProjectConfigurationPlatforms) = postSolution
		{9E50C4B0-6763-2E30-F23F-732F63B39EDC}.Debug|Any CPU.ActiveCfg = Debug|Any CPU
		{9E50C4B0-6763-2E30-F23F-732F63B39EDC}.Debug|Any CPU.Build.0 = Debug|Any CPU
		{9E50C4B0-6763-2E30-F23F-732F63B39EDC}.Release|Any CPU.ActiveCfg = Release|Any CPU
		{9E50C4B0-6763-2E30-F23F-732F63B39EDC}.Release|Any CPU.Build.0 = Release|Any CPU
	EndGlobalSection
	GlobalSection(SolutionProperties) = preSolution
		HideSolutionNode = FALSE
	EndGlobalSection
	GlobalSection(NestedProjects) = preSolution
		{9E50C4B0-6763-2E30-F23F-732F63B39EDC} = {9E799379-D5F2-A6C2-5EDD-10EC321792B3}
	EndGlobalSection
	GlobalSection(ExtensibilityGlobals) = postSolution
		SolutionGuid = {7671641D-FEF7-4DEB-8F3A-3098FC44272E}
	EndGlobalSection
EndGlobal
